
Microsoft Visual Studio Solution File, Format Version 12.00
# Visual Studio Version 17
VisualStudioVersion = 17.1.32414.318
MinimumVisualStudioVersion = 10.0.40219.1
Project("{FAE04EC0-301F-11D3-BF4B-00C04F79EFBC}") = "UAHause.APIGateway", "UAHause.APIGateway\UAHause.APIGateway.csproj", "{3DFE3DB3-9D20-4847-BEB0-36C968D51AEA}"
EndProject
Global
	GlobalSection(SolutionConfigurationPlatforms) = preSolution
		Debug|Any CPU = Debug|Any CPU
		Release|Any CPU = Release|Any CPU
	EndGlobalSection
	GlobalSection(ProjectConfigurationPlatforms) = postSolution
		{3DFE3DB3-9D20-4847-BEB0-36C968D51AEA}.Debug|Any CPU.ActiveCfg = Debug|Any CPU
		{3DFE3DB3-9D20-4847-BEB0-36C968D51AEA}.Debug|Any CPU.Build.0 = Debug|Any CPU
		{3DFE3DB3-9D20-4847-BEB0-36C968D51AEA}.Release|Any CPU.ActiveCfg = Release|Any CPU
		{3DFE3DB3-9D20-4847-BEB0-36C968D51AEA}.Release|Any CPU.Build.0 = Release|Any CPU
	EndGlobalSection
	GlobalSection(SolutionProperties) = preSolution
		HideSolutionNode = FALSE
	EndGlobalSection
	GlobalSection(ExtensibilityGlobals) = postSolution
		SolutionGuid = {C87A519F-B6CF-4D23-B3C3-7E0E98C4FBCE}
	EndGlobalSection
EndGlobal
